
Microsoft Visual Studio Solution File, Format Version 12.00
# Visual Studio Version 17
VisualStudioVersion = 17.7.34018.315
MinimumVisualStudioVersion = 10.0.40219.1
Project("{9A19103F-16F7-4668-BE54-9A1E7A4F7556}") = "Chiro.API", "Chiro.API\Chiro.API.csproj", "{4D69331D-2477-483A-A973-19A537916B23}"
EndProject
Project("{9A19103F-16F7-4668-BE54-9A1E7A4F7556}") = "Chiro.Domain", "Chiro.Domain\Chiro.Domain.csproj", "{91823E53-82A0-4F60-B4AD-9C815015BC8C}"
EndProject
Project("{9A19103F-16F7-4668-BE54-9A1E7A4F7556}") = "Chiro.Application", "Chiro.Application\Chiro.Application.csproj", "{FA748C7B-0C5E-44E2-9ADE-16D5EFBC7BF0}"
EndProject
Project("{9A19103F-16F7-4668-BE54-9A1E7A4F7556}") = "Chiro.Infra", "Chiro.Infra\Chiro.Infra.csproj", "{0717BBE5-AECB-409F-8739-F10ADA53D46A}"
EndProject
Project("{9A19103F-16F7-4668-BE54-9A1E7A4F7556}") = "Chiro.Persistence", "Chiro.Persistence\Chiro.Persistence.csproj", "{91949F32-0732-47C7-AC4A-8798F849F102}"
EndProject
Project("{2150E333-8FDC-42A3-9474-1A3956D46DE8}") = "tests", "tests", "{346AE002-5D0E-4D9C-90C9-BB7EC0802A80}"
EndProject
Global
	GlobalSection(SolutionConfigurationPlatforms) = preSolution
		Debug|Any CPU = Debug|Any CPU
		Release|Any CPU = Release|Any CPU
	EndGlobalSection
	GlobalSection(ProjectConfigurationPlatforms) = postSolution
		{4D69331D-2477-483A-A973-19A537916B23}.Debug|Any CPU.ActiveCfg = Debug|Any CPU
		{4D69331D-2477-483A-A973-19A537916B23}.Debug|Any CPU.Build.0 = Debug|Any CPU
		{4D69331D-2477-483A-A973-19A537916B23}.Release|Any CPU.ActiveCfg = Release|Any CPU
		{4D69331D-2477-483A-A973-19A537916B23}.Release|Any CPU.Build.0 = Release|Any CPU
		{91823E53-82A0-4F60-B4AD-9C815015BC8C}.Debug|Any CPU.ActiveCfg = Debug|Any CPU
		{91823E53-82A0-4F60-B4AD-9C815015BC8C}.Debug|Any CPU.Build.0 = Debug|Any CPU
		{91823E53-82A0-4F60-B4AD-9C815015BC8C}.Release|Any CPU.ActiveCfg = Release|Any CPU
		{91823E53-82A0-4F60-B4AD-9C815015BC8C}.Release|Any CPU.Build.0 = Release|Any CPU
		{FA748C7B-0C5E-44E2-9ADE-16D5EFBC7BF0}.Debug|Any CPU.ActiveCfg = Debug|Any CPU
		{FA748C7B-0C5E-44E2-9ADE-16D5EFBC7BF0}.Debug|Any CPU.Build.0 = Debug|Any CPU
		{FA748C7B-0C5E-44E2-9ADE-16D5EFBC7BF0}.Release|Any CPU.ActiveCfg = Release|Any CPU
		{FA748C7B-0C5E-44E2-9ADE-16D5EFBC7BF0}.Release|Any CPU.Build.0 = Release|Any CPU
		{0717BBE5-AECB-409F-8739-F10ADA53D46A}.Debug|Any CPU.ActiveCfg = Debug|Any CPU
		{0717BBE5-AECB-409F-8739-F10ADA53D46A}.Debug|Any CPU.Build.0 = Debug|Any CPU
		{0717BBE5-AECB-409F-8739-F10ADA53D46A}.Release|Any CPU.ActiveCfg = Release|Any CPU
		{0717BBE5-AECB-409F-8739-F10ADA53D46A}.Release|Any CPU.Build.0 = Release|Any CPU
		{91949F32-0732-47C7-AC4A-8798F849F102}.Debug|Any CPU.ActiveCfg = Debug|Any CPU
		{91949F32-0732-47C7-AC4A-8798F849F102}.Debug|Any CPU.Build.0 = Debug|Any CPU
		{91949F32-0732-47C7-AC4A-8798F849F102}.Release|Any CPU.ActiveCfg = Release|Any CPU
		{91949F32-0732-47C7-AC4A-8798F849F102}.Release|Any CPU.Build.0 = Release|Any CPU
	EndGlobalSection
	GlobalSection(SolutionProperties) = preSolution
		HideSolutionNode = FALSE
	EndGlobalSection
	GlobalSection(ExtensibilityGlobals) = postSolution
		SolutionGuid = {D321F8BF-CC23-4B47-99C1-4825CC5C0C80}
	EndGlobalSection
EndGlobal
